// !$*UTF8*$!
{
	archiveVersion = 1;
	classes = {
	};
	objectVersion = 50;
	objects = {

/* Begin PBXBuildFile section */
		6047F5D526AC7C8F005E8140 /* AppDelegate.swift in Sources */ = {isa = PBXBuildFile; fileRef = 6047F5D426AC7C8F005E8140 /* AppDelegate.swift */; };
		6047F5D726AC7C8F005E8140 /* SceneDelegate.swift in Sources */ = {isa = PBXBuildFile; fileRef = 6047F5D626AC7C8F005E8140 /* SceneDelegate.swift */; };
		6047F5D926AC7C8F005E8140 /* ContentView.swift in Sources */ = {isa = PBXBuildFile; fileRef = 6047F5D826AC7C8F005E8140 /* ContentView.swift */; };
		6047F5DB26AC7C94005E8140 /* Assets.xcassets in Resources */ = {isa = PBXBuildFile; fileRef = 6047F5DA26AC7C94005E8140 /* Assets.xcassets */; };
		6047F5DE26AC7C94005E8140 /* Preview Assets.xcassets in Resources */ = {isa = PBXBuildFile; fileRef = 6047F5DD26AC7C94005E8140 /* Preview Assets.xcassets */; };
		6047F5E126AC7C94005E8140 /* LaunchScreen.storyboard in Resources */ = {isa = PBXBuildFile; fileRef = 6047F5DF26AC7C94005E8140 /* LaunchScreen.storyboard */; };
		60582FC926ADAA03002438FC /* DetailsView.swift in Sources */ = {isa = PBXBuildFile; fileRef = 60582FC826ADAA03002438FC /* DetailsView.swift */; };
		60582FCC26ADAA2A002438FC /* WebView.swift in Sources */ = {isa = PBXBuildFile; fileRef = 60582FCB26ADAA2A002438FC /* WebView.swift */; };
		60A6298826ACA43400E8AA87 /* NetworkManager.swift in Sources */ = {isa = PBXBuildFile; fileRef = 60A6298726ACA43400E8AA87 /* NetworkManager.swift */; };
		60A6298A26ACA57C00E8AA87 /* PostData.swift in Sources */ = {isa = PBXBuildFile; fileRef = 60A6298926ACA57C00E8AA87 /* PostData.swift */; };
/* End PBXBuildFile section */

/* Begin PBXFileReference section */
		6047F5D126AC7C8F005E8140 /* HackerNews.app */ = {isa = PBXFileReference; explicitFileType = wrapper.application; includeInIndex = 0; path = HackerNews.app; sourceTree = BUILT_PRODUCTS_DIR; };
		6047F5D426AC7C8F005E8140 /* AppDelegate.swift */ = {isa = PBXFileReference; lastKnownFileType = sourcecode.swift; path = AppDelegate.swift; sourceTree = "<group>"; };
		6047F5D626AC7C8F005E8140 /* SceneDelegate.swift */ = {isa = PBXFileReference; lastKnownFileType = sourcecode.swift; path = SceneDelegate.swift; sourceTree = "<group>"; };
		6047F5D826AC7C8F005E8140 /* ContentView.swift */ = {isa = PBXFileReference; lastKnownFileType = sourcecode.swift; path = ContentView.swift; sourceTree = "<group>"; };
		6047F5DA26AC7C94005E8140 /* Assets.xcassets */ = {isa = PBXFileReference; lastKnownFileType = folder.assetcatalog; path = Assets.xcassets; sourceTree = "<group>"; };
		6047F5DD26AC7C94005E8140 /* Preview Assets.xcassets */ = {isa = PBXFileReference; lastKnownFileType = folder.assetcatalog; path = "Preview Assets.xcassets"; sourceTree = "<group>"; };
		6047F5E026AC7C94005E8140 /* Base */ = {isa = PBXFileReference; lastKnownFileType = file.storyboard; name = Base; path = Base.lproj/LaunchScreen.storyboard; sourceTree = "<group>"; };
		6047F5E226AC7C94005E8140 /* Info.plist */ = {isa = PBXFileReference; lastKnownFileType = text.plist.xml; path = Info.plist; sourceTree = "<group>"; };
		60582FC826ADAA03002438FC /* DetailsView.swift */ = {isa = PBXFileReference; lastKnownFileType = sourcecode.swift; path = DetailsView.swift; sourceTree = "<group>"; };
		60582FCB26ADAA2A002438FC /* WebView.swift */ = {isa = PBXFileReference; lastKnownFileType = sourcecode.swift; path = WebView.swift; sourceTree = "<group>"; };
		60A6298726ACA43400E8AA87 /* NetworkManager.swift */ = {isa = PBXFileReference; lastKnownFileType = sourcecode.swift; path = NetworkManager.swift; sourceTree = "<group>"; };
		60A6298926ACA57C00E8AA87 /* PostData.swift */ = {isa = PBXFileReference; lastKnownFileType = sourcecode.swift; path = PostData.swift; sourceTree = "<group>"; };
/* End PBXFileReference section */

/* Begin PBXFrameworksBuildPhase section */
		6047F5CE26AC7C8F005E8140 /* Frameworks */ = {
			isa = PBXFrameworksBuildPhase;
			buildActionMask = 2147483647;
			files = (
			);
			runOnlyForDeploymentPostprocessing = 0;
		};
/* End PBXFrameworksBuildPhase section */

/* Begin PBXGroup section */
		6047F5C826AC7C8F005E8140 = {
			isa = PBXGroup;
			children = (
				6047F5D326AC7C8F005E8140 /* HackerNews */,
				6047F5D226AC7C8F005E8140 /* Products */,
			);
			sourceTree = "<group>";
		};
		6047F5D226AC7C8F005E8140 /* Products */ = {
			isa = PBXGroup;
			children = (
				6047F5D126AC7C8F005E8140 /* HackerNews.app */,
			);
			name = Products;
			sourceTree = "<group>";
		};
		6047F5D326AC7C8F005E8140 /* HackerNews */ = {
			isa = PBXGroup;
			children = (
				60A6298626ACA41400E8AA87 /* Models */,
				6047F5D426AC7C8F005E8140 /* AppDelegate.swift */,
				6047F5D626AC7C8F005E8140 /* SceneDelegate.swift */,
				60582FC726ADA9DA002438FC /* Views */,
				6047F5DA26AC7C94005E8140 /* Assets.xcassets */,
				6047F5DF26AC7C94005E8140 /* LaunchScreen.storyboard */,
				6047F5E226AC7C94005E8140 /* Info.plist */,
				6047F5DC26AC7C94005E8140 /* Preview Content */,
			);
			path = HackerNews;
			sourceTree = "<group>";
		};
		6047F5DC26AC7C94005E8140 /* Preview Content */ = {
			isa = PBXGroup;
			children = (
				6047F5DD26AC7C94005E8140 /* Preview Assets.xcassets */,
			);
			path = "Preview Content";
			sourceTree = "<group>";
		};
		60582FC726ADA9DA002438FC /* Views */ = {
			isa = PBXGroup;
			children = (
				6047F5D826AC7C8F005E8140 /* ContentView.swift */,
				60582FC826ADAA03002438FC /* DetailsView.swift */,
				60582FCB26ADAA2A002438FC /* WebView.swift */,
			);
			path = Views;
			sourceTree = "<group>";
		};
		60A6298626ACA41400E8AA87 /* Models */ = {
			isa = PBXGroup;
			children = (
				60A6298726ACA43400E8AA87 /* NetworkManager.swift */,
				60A6298926ACA57C00E8AA87 /* PostData.swift */,
			);
			path = Models;
			sourceTree = "<group>";
		};
/* End PBXGroup section */

/* Begin PBXNativeTarget section */
		6047F5D026AC7C8F005E8140 /* HackerNews */ = {
			isa = PBXNativeTarget;
			buildConfigurationList = 6047F5E526AC7C94005E8140 /* Build configuration list for PBXNativeTarget "HackerNews" */;
			buildPhases = (
				6047F5CD26AC7C8F005E8140 /* Sources */,
				6047F5CE26AC7C8F005E8140 /* Frameworks */,
				6047F5CF26AC7C8F005E8140 /* Resources */,
			);
			buildRules = (
			);
			dependencies = (
			);
			name = HackerNews;
			productName = HackerNews;
			productReference = 6047F5D126AC7C8F005E8140 /* HackerNews.app */;
			productType = "com.apple.product-type.application";
		};
/* End PBXNativeTarget section */

/* Begin PBXProject section */
		6047F5C926AC7C8F005E8140 /* Project object */ = {
			isa = PBXProject;
			attributes = {
				LastSwiftUpdateCheck = 1250;
				LastUpgradeCheck = 1250;
				TargetAttributes = {
					6047F5D026AC7C8F005E8140 = {
						CreatedOnToolsVersion = 12.5.1;
					};
				};
			};
			buildConfigurationList = 6047F5CC26AC7C8F005E8140 /* Build configuration list for PBXProject "HackerNews" */;
			compatibilityVersion = "Xcode 9.3";
			developmentRegion = en;
			hasScannedForEncodings = 0;
			knownRegions = (
				en,
				Base,
			);
			mainGroup = 6047F5C826AC7C8F005E8140;
			productRefGroup = 6047F5D226AC7C8F005E8140 /* Products */;
			projectDirPath = "";
			projectRoot = "";
			targets = (
				6047F5D026AC7C8F005E8140 /* HackerNews */,
			);
		};
/* End PBXProject section */

/* Begin PBXResourcesBuildPhase section */
		6047F5CF26AC7C8F005E8140 /* Resources */ = {
			isa = PBXResourcesBuildPhase;
			buildActionMask = 2147483647;
			files = (
				6047F5E126AC7C94005E8140 /* LaunchScreen.storyboard in Resources */,
				6047F5DE26AC7C94005E8140 /* Preview Assets.xcassets in Resources */,
				6047F5DB26AC7C94005E8140 /* Assets.xcassets in Resources */,
			);
			runOnlyForDeploymentPostprocessing = 0;
		};
/* End PBXResourcesBuildPhase section */

/* Begin PBXSourcesBuildPhase section */
		6047F5CD26AC7C8F005E8140 /* Sources */ = {
			isa = PBXSourcesBuildPhase;
			buildActionMask = 2147483647;
			files = (
				60A6298A26ACA57C00E8AA87 /* PostData.swift in Sources */,
				60A6298826ACA43400E8AA87 /* NetworkManager.swift in Sources */,
				6047F5D526AC7C8F005E8140 /* AppDelegate.swift in Sources */,
				6047F5D726AC7C8F005E8140 /* SceneDelegate.swift in Sources */,
				6047F5D926AC7C8F005E8140 /* ContentView.swift in Sources */,
				60582FC926ADAA03002438FC /* DetailsView.swift in Sources */,
				60582FCC26ADAA2A002438FC /* WebView.swift in Sources */,
			);
			runOnlyForDeploymentPostprocessing = 0;
		};
/* End PBXSourcesBuildPhase section */

/* Begin PBXVariantGroup section */
		6047F5DF26AC7C94005E8140 /* LaunchScreen.storyboard */ = {
			isa = PBXVariantGroup;
			children = (
				6047F5E026AC7C94005E8140 /* Base */,
			);
			name = LaunchScreen.storyboard;
			sourceTree = "<group>";
		};
/* End PBXVariantGroup section */

/* Begin XCBuildConfiguration section */
		6047F5E326AC7C94005E8140 /* Debug */ = {
			isa = XCBuildConfiguration;
			buildSettings = {
				ALWAYS_SEARCH_USER_PATHS = NO;
				CLANG_ANALYZER_NONNULL = YES;
				CLANG_ANALYZER_NUMBER_OBJECT_CONVERSION = YES_AGGRESSIVE;
				CLANG_CXX_LANGUAGE_STANDARD = "gnu++14";
				CLANG_CXX_LIBRARY = "libc++";
				CLANG_ENABLE_MODULES = YES;
				CLANG_ENABLE_OBJC_ARC = YES;
				CLANG_ENABLE_OBJC_WEAK = YES;
				CLANG_WARN_BLOCK_CAPTURE_AUTORELEASING = YES;
				CLANG_WARN_BOOL_CONVERSION = YES;
				CLANG_WARN_COMMA = YES;
				CLANG_WARN_CONSTANT_CONVERSION = YES;
				CLANG_WARN_DEPRECATED_OBJC_IMPLEMENTATIONS = YES;
				CLANG_WARN_DIRECT_OBJC_ISA_USAGE = YES_ERROR;
				CLANG_WARN_DOCUMENTATION_COMMENTS = YES;
				CLANG_WARN_EMPTY_BODY = YES;
				CLANG_WARN_ENUM_CONVERSION = YES;
				CLANG_WARN_INFINITE_RECURSION = YES;
				CLANG_WARN_INT_CONVERSION = YES;
				CLANG_WARN_NON_LITERAL_NULL_CONVERSION = YES;
				CLANG_WARN_OBJC_IMPLICIT_RETAIN_SELF = YES;
				CLANG_WARN_OBJC_LITERAL_CONVERSION = YES;
				CLANG_WARN_OBJC_ROOT_CLASS = YES_ERROR;
				CLANG_WARN_QUOTED_INCLUDE_IN_FRAMEWORK_HEADER = YES;
				CLANG_WARN_RANGE_LOOP_ANALYSIS = YES;
				CLANG_WARN_STRICT_PROTOTYPES = YES;
				CLANG_WARN_SUSPICIOUS_MOVE = YES;
				CLANG_WARN_UNGUARDED_AVAILABILITY = YES_AGGRESSIVE;
				CLANG_WARN_UNREACHABLE_CODE = YES;
				CLANG_WARN__DUPLICATE_METHOD_MATCH = YES;
				COPY_PHASE_STRIP = NO;
				DEBUG_INFORMATION_FORMAT = dwarf;
				ENABLE_STRICT_OBJC_MSGSEND = YES;
				ENABLE_TESTABILITY = YES;
				GCC_C_LANGUAGE_STANDARD = gnu11;
				GCC_DYNAMIC_NO_PIC = NO;
				GCC_NO_COMMON_BLOCKS = YES;
				GCC_OPTIMIZATION_LEVEL = 0;
				GCC_PREPROCESSOR_DEFINITIONS = (
					"DEBUG=1",
					"$(inherited)",
				);
				GCC_WARN_64_TO_32_BIT_CONVERSION = YES;
				GCC_WARN_ABOUT_RETURN_TYPE = YES_ERROR;
				GCC_WARN_UNDECLARED_SELECTOR = YES;
				GCC_WARN_UNINITIALIZED_AUTOS = YES_AGGRESSIVE;
				GCC_WARN_UNUSED_FUNCTION = YES;
				GCC_WARN_UNUSED_VARIABLE = YES;
				IPHONEOS_DEPLOYMENT_TARGET = 14.5;
				MTL_ENABLE_DEBUG_INFO = INCLUDE_SOURCE;
				MTL_FAST_MATH = YES;
				ONLY_ACTIVE_ARCH = YES;
				SDKROOT = iphoneos;
				SWIFT_ACTIVE_COMPILATION_CONDITIONS = DEBUG;
				SWIFT_OPTIMIZATION_LEVEL = "-Onone";
			};
			name = Debug;
		};
		6047F5E426AC7C94005E8140 /* Release */ = {
			isa = XCBuildConfiguration;
			buildSettings = {
				ALWAYS_SEARCH_USER_PATHS = NO;
				CLANG_ANALYZER_NONNULL = YES;
				CLANG_ANALYZER_NUMBER_OBJECT_CONVERSION = YES_AGGRESSIVE;
				CLANG_CXX_LANGUAGE_STANDARD = "gnu++14";
				CLANG_CXX_LIBRARY = "libc++";
				CLANG_ENABLE_MODULES = YES;
				CLANG_ENABLE_OBJC_ARC = YES;
				CLANG_ENABLE_OBJC_WEAK = YES;
				CLANG_WARN_BLOCK_CAPTURE_AUTORELEASING = YES;
				CLANG_WARN_BOOL_CONVERSION = YES;
				CLANG_WARN_COMMA = YES;
				CLANG_WARN_CONSTANT_CONVERSION = YES;
				CLANG_WARN_DEPRECATED_OBJC_IMPLEMENTATIONS = YES;
				CLANG_WARN_DIRECT_OBJC_ISA_USAGE = YES_ERROR;
				CLANG_WARN_DOCUMENTATION_COMMENTS = YES;
				CLANG_WARN_EMPTY_BODY = YES;
				CLANG_WARN_ENUM_CONVERSION = YES;
				CLANG_WARN_INFINITE_RECURSION = YES;
				CLANG_WARN_INT_CONVERSION = YES;
				CLANG_WARN_NON_LITERAL_NULL_CONVERSION = YES;
				CLANG_WARN_OBJC_IMPLICIT_RETAIN_SELF = YES;
				CLANG_WARN_OBJC_LITERAL_CONVERSION = YES;
				CLANG_WARN_OBJC_ROOT_CLASS = YES_ERROR;
				CLANG_WARN_QUOTED_INCLUDE_IN_FRAMEWORK_HEADER = YES;
				CLANG_WARN_RANGE_LOOP_ANALYSIS = YES;
				CLANG_WARN_STRICT_PROTOTYPES = YES;
				CLANG_WARN_SUSPICIOUS_MOVE = YES;
				CLANG_WARN_UNGUARDED_AVAILABILITY = YES_AGGRESSIVE;
				CLANG_WARN_UNREACHABLE_CODE = YES;
				CLANG_WARN__DUPLICATE_METHOD_MATCH = YES;
				COPY_PHASE_STRIP = NO;
				DEBUG_INFORMATION_FORMAT = "dwarf-with-dsym";
				ENABLE_NS_ASSERTIONS = NO;
				ENABLE_STRICT_OBJC_MSGSEND = YES;
				GCC_C_LANGUAGE_STANDARD = gnu11;
				GCC_NO_COMMON_BLOCKS = YES;
				GCC_WARN_64_TO_32_BIT_CONVERSION = YES;
				GCC_WARN_ABOUT_RETURN_TYPE = YES_ERROR;
				GCC_WARN_UNDECLARED_SELECTOR = YES;
				GCC_WARN_UNINITIALIZED_AUTOS = YES_AGGRESSIVE;
				GCC_WARN_UNUSED_FUNCTION = YES;
				GCC_WARN_UNUSED_VARIABLE = YES;
				IPHONEOS_DEPLOYMENT_TARGET = 14.5;
				MTL_ENABLE_DEBUG_INFO = NO;
				MTL_FAST_MATH = YES;
				SDKROOT = iphoneos;
				SWIFT_COMPILATION_MODE = wholemodule;
				SWIFT_OPTIMIZATION_LEVEL = "-O";
				VALIDATE_PRODUCT = YES;
			};
			name = Release;
		};
		6047F5E626AC7C94005E8140 /* Debug */ = {
			isa = XCBuildConfiguration;
			buildSettings = {
				ASSETCATALOG_COMPILER_APPICON_NAME = AppIcon;
				ASSETCATALOG_COMPILER_GLOBAL_ACCENT_COLOR_NAME = AccentColor;
				CODE_SIGN_STYLE = Automatic;
				DEVELOPMENT_ASSET_PATHS = "\"HackerNews/Preview Content\"";
				DEVELOPMENT_TEAM = 3H56HFHX43;
				ENABLE_PREVIEWS = YES;
				INFOPLIST_FILE = HackerNews/Info.plist;
				LD_RUNPATH_SEARCH_PATHS = (
					"$(inherited)",
					"@executable_path/Frameworks",
				);
				PRODUCT_BUNDLE_IDENTIFIER = com.BTM.HackerNews;
				PRODUCT_NAME = "$(TARGET_NAME)";
				SWIFT_VERSION = 5.0;
				TARGETED_DEVICE_FAMILY = "1,2";
			};
			name = Debug;
		};
		6047F5E726AC7C94005E8140 /* Release */ = {
			isa = XCBuildConfiguration;
			buildSettings = {
				ASSETCATALOG_COMPILER_APPICON_NAME = AppIcon;
				ASSETCATALOG_COMPILER_GLOBAL_ACCENT_COLOR_NAME = AccentColor;
				CODE_SIGN_STYLE = Automatic;
				DEVELOPMENT_ASSET_PATHS = "\"HackerNews/Preview Content\"";
				DEVELOPMENT_TEAM = 3H56HFHX43;
				ENABLE_PREVIEWS = YES;
				INFOPLIST_FILE = HackerNews/Info.plist;
				LD_RUNPATH_SEARCH_PATHS = (
					"$(inherited)",
					"@executable_path/Frameworks",
				);
				PRODUCT_BUNDLE_IDENTIFIER = com.BTM.HackerNews;
				PRODUCT_NAME = "$(TARGET_NAME)";
				SWIFT_VERSION = 5.0;
				TARGETED_DEVICE_FAMILY = "1,2";
			};
			name = Release;
		};
/* End XCBuildConfiguration section */

/* Begin XCConfigurationList section */
		6047F5CC26AC7C8F005E8140 /* Build configuration list for PBXProject "HackerNews" */ = {
			isa = XCConfigurationList;
			buildConfigurations = (
				6047F5E326AC7C94005E8140 /* Debug */,
				6047F5E426AC7C94005E8140 /* Release */,
			);
			defaultConfigurationIsVisible = 0;
			defaultConfigurationName = Release;
		};
		6047F5E526AC7C94005E8140 /* Build configuration list for PBXNativeTarget "HackerNews" */ = {
			isa = XCConfigurationList;
			buildConfigurations = (
				6047F5E626AC7C94005E8140 /* Debug */,
				6047F5E726AC7C94005E8140 /* Release */,
			);
			defaultConfigurationIsVisible = 0;
			defaultConfigurationName = Release;
		};
/* End XCConfigurationList section */
	};
	rootObject = 6047F5C926AC7C8F005E8140 /* Project object */;
}
